
Microsoft Visual Studio Solution File, Format Version 9.00
# Visual Studio 2005
Project("{8BC9CEB8-8B4A-11D0-8D11-00A0C91BC942}") = "get_distance", "get_distance\get_distance.vcproj", "{8F73522C-18D0-4436-B444-3E17A2A84788}"
	ProjectSection(ProjectDependencies) = postProject
		{269630A6-5F78-484F-A729-5CD301B5CABA} = {269630A6-5F78-484F-A729-5CD301B5CABA}
	EndProjectSection
EndProject
Project("{8BC9CEB8-8B4A-11D0-8D11-00A0C91BC942}") = "urg", "urg\urg.vcproj", "{269630A6-5F78-484F-A729-5CD301B5CABA}"
EndProject
Project("{8BC9CEB8-8B4A-11D0-8D11-00A0C91BC942}") = "sensor_parameter", "sensor_parameter\sensor_parameter.vcproj", "{3347DEB1-A1EC-4242-8079-233B9E5EB0C3}"
	ProjectSection(ProjectDependencies) = postProject
		{269630A6-5F78-484F-A729-5CD301B5CABA} = {269630A6-5F78-484F-A729-5CD301B5CABA}
	EndProjectSection
EndProject
Project("{8BC9CEB8-8B4A-11D0-8D11-00A0C91BC942}") = "get_distance_intensity", "get_distance_intensity\get_distance_intensity.vcproj", "{17A43425-7F91-4D65-A28A-C90B3E22863F}"
	ProjectSection(ProjectDependencies) = postProject
		{269630A6-5F78-484F-A729-5CD301B5CABA} = {269630A6-5F78-484F-A729-5CD301B5CABA}
	EndProjectSection
EndProject
Project("{8BC9CEB8-8B4A-11D0-8D11-00A0C91BC942}") = "get_multiecho", "get_multiecho\get_multiecho.vcproj", "{0C8D756A-E46E-4EA0-8719-5807E6A7A5C0}"
	ProjectSection(ProjectDependencies) = postProject
		{269630A6-5F78-484F-A729-5CD301B5CABA} = {269630A6-5F78-484F-A729-5CD301B5CABA}
	EndProjectSection
EndProject
Project("{8BC9CEB8-8B4A-11D0-8D11-00A0C91BC942}") = "get_multiecho_intensity", "get_multiecho_intensity\get_multiecho_intensity.vcproj", "{AFB48029-6ADD-4F7A-A36C-6F0A67BC0D2C}"
	ProjectSection(ProjectDependencies) = postProject
		{269630A6-5F78-484F-A729-5CD301B5CABA} = {269630A6-5F78-484F-A729-5CD301B5CABA}
	EndProjectSection
EndProject
Project("{8BC9CEB8-8B4A-11D0-8D11-00A0C91BC942}") = "calculate_xy", "calculate_xy\calculate_xy.vcproj", "{64658378-45FE-4BA5-9C28-1A91CDC6C4EB}"
	ProjectSection(ProjectDependencies) = postProject
		{269630A6-5F78-484F-A729-5CD301B5CABA} = {269630A6-5F78-484F-A729-5CD301B5CABA}
	EndProjectSection
EndProject
Project("{8BC9CEB8-8B4A-11D0-8D11-00A0C91BC942}") = "sync_time_stamp", "sync_time_stamp\sync_time_stamp.vcproj", "{EF96A9B9-81AE-4B35-81EC-68DB295963DB}"
	ProjectSection(ProjectDependencies) = postProject
		{269630A6-5F78-484F-A729-5CD301B5CABA} = {269630A6-5F78-484F-A729-5CD301B5CABA}
	EndProjectSection
EndProject
Project("{8BC9CEB8-8B4A-11D0-8D11-00A0C91BC942}") = "find_port", "find_port\find_port.vcproj", "{B1E1DC1F-F6C1-4A11-8A7D-D30E0211A18E}"
	ProjectSection(ProjectDependencies) = postProject
		{269630A6-5F78-484F-A729-5CD301B5CABA} = {269630A6-5F78-484F-A729-5CD301B5CABA}
	EndProjectSection
EndProject
Global
	GlobalSection(SolutionConfigurationPlatforms) = preSolution
		Debug|Win32 = Debug|Win32
		Release|Win32 = Release|Win32
	EndGlobalSection
	GlobalSection(ProjectConfigurationPlatforms) = postSolution
		{269630A6-5F78-484F-A729-5CD301B5CABA}.Debug|Win32.ActiveCfg = Debug|Win32
		{269630A6-5F78-484F-A729-5CD301B5CABA}.Debug|Win32.Build.0 = Debug|Win32
		{269630A6-5F78-484F-A729-5CD301B5CABA}.Release|Win32.ActiveCfg = Release|Win32
		{269630A6-5F78-484F-A729-5CD301B5CABA}.Release|Win32.Build.0 = Release|Win32
		{3347DEB1-A1EC-4242-8079-233B9E5EB0C3}.Debug|Win32.ActiveCfg = Debug|Win32
		{3347DEB1-A1EC-4242-8079-233B9E5EB0C3}.Debug|Win32.Build.0 = Debug|Win32
		{3347DEB1-A1EC-4242-8079-233B9E5EB0C3}.Release|Win32.ActiveCfg = Release|Win32
		{3347DEB1-A1EC-4242-8079-233B9E5EB0C3}.Release|Win32.Build.0 = Release|Win32
		{8F73522C-18D0-4436-B444-3E17A2A84788}.Debug|Win32.ActiveCfg = Debug|Win32
		{8F73522C-18D0-4436-B444-3E17A2A84788}.Debug|Win32.Build.0 = Debug|Win32
		{8F73522C-18D0-4436-B444-3E17A2A84788}.Release|Win32.ActiveCfg = Release|Win32
		{8F73522C-18D0-4436-B444-3E17A2A84788}.Release|Win32.Build.0 = Release|Win32
		{17A43425-7F91-4D65-A28A-C90B3E22863F}.Debug|Win32.ActiveCfg = Debug|Win32
		{17A43425-7F91-4D65-A28A-C90B3E22863F}.Debug|Win32.Build.0 = Debug|Win32
		{17A43425-7F91-4D65-A28A-C90B3E22863F}.Release|Win32.ActiveCfg = Release|Win32
		{17A43425-7F91-4D65-A28A-C90B3E22863F}.Release|Win32.Build.0 = Release|Win32
		{0C8D756A-E46E-4EA0-8719-5807E6A7A5C0}.Debug|Win32.ActiveCfg = Debug|Win32
		{0C8D756A-E46E-4EA0-8719-5807E6A7A5C0}.Debug|Win32.Build.0 = Debug|Win32
		{0C8D756A-E46E-4EA0-8719-5807E6A7A5C0}.Release|Win32.ActiveCfg = Release|Win32
		{0C8D756A-E46E-4EA0-8719-5807E6A7A5C0}.Release|Win32.Build.0 = Release|Win32
		{AFB48029-6ADD-4F7A-A36C-6F0A67BC0D2C}.Debug|Win32.ActiveCfg = Debug|Win32
		{AFB48029-6ADD-4F7A-A36C-6F0A67BC0D2C}.Debug|Win32.Build.0 = Debug|Win32
		{AFB48029-6ADD-4F7A-A36C-6F0A67BC0D2C}.Release|Win32.ActiveCfg = Release|Win32
		{AFB48029-6ADD-4F7A-A36C-6F0A67BC0D2C}.Release|Win32.Build.0 = Release|Win32
		{64658378-45FE-4BA5-9C28-1A91CDC6C4EB}.Debug|Win32.ActiveCfg = Debug|Win32
		{64658378-45FE-4BA5-9C28-1A91CDC6C4EB}.Debug|Win32.Build.0 = Debug|Win32
		{64658378-45FE-4BA5-9C28-1A91CDC6C4EB}.Release|Win32.ActiveCfg = Release|Win32
		{64658378-45FE-4BA5-9C28-1A91CDC6C4EB}.Release|Win32.Build.0 = Release|Win32
		{EF96A9B9-81AE-4B35-81EC-68DB295963DB}.Debug|Win32.ActiveCfg = Debug|Win32
		{EF96A9B9-81AE-4B35-81EC-68DB295963DB}.Debug|Win32.Build.0 = Debug|Win32
		{EF96A9B9-81AE-4B35-81EC-68DB295963DB}.Release|Win32.ActiveCfg = Release|Win32
		{EF96A9B9-81AE-4B35-81EC-68DB295963DB}.Release|Win32.Build.0 = Release|Win32
		{B1E1DC1F-F6C1-4A11-8A7D-D30E0211A18E}.Debug|Win32.ActiveCfg = Debug|Win32
		{B1E1DC1F-F6C1-4A11-8A7D-D30E0211A18E}.Debug|Win32.Build.0 = Debug|Win32
		{B1E1DC1F-F6C1-4A11-8A7D-D30E0211A18E}.Release|Win32.ActiveCfg = Release|Win32
		{B1E1DC1F-F6C1-4A11-8A7D-D30E0211A18E}.Release|Win32.Build.0 = Release|Win32
	EndGlobalSection
	GlobalSection(SolutionProperties) = preSolution
		HideSolutionNode = FALSE
	EndGlobalSection
EndGlobal
